<?xml version="1.0" encoding="utf-8"?>
<Project ToolsVersion="4.0" xmlns="http://schemas.microsoft.com/developer/msbuild/2003">
  <ItemGroup>
    <Filter Include="Source Files">
      <UniqueIdentifier>{4FC737F1-C7A5-4376-A066-2A32D752A2FF}</UniqueIdentifier>
      <Extensions>cpp;c;cc;cxx;def;odl;idl;hpj;bat;asm;asmx</Extensions>
    </Filter>
    <Filter Include="Header Files">
      <UniqueIdentifier>{93995380-89BD-4b04-88EB-625FBE52EBFB}</UniqueIdentifier>
      <Extensions>h;hpp;hxx;hm;inl;inc;xsd</Extensions>
    </Filter>
    <Filter Include="Resource Files">
      <UniqueIdentifier>{67DA6AB6-F800-4c08-8B7A-83BB121AAD01}</UniqueIdentifier>
      <Extensions>rc;ico;cur;bmp;dlg;rc2;rct;bin;rgs;gif;jpg;jpeg;jpe;resx;tiff;tif;png;wav;mfcribbon-ms</Extensions>
    </Filter>
    <Filter Include="Source Files\zlib">
      <UniqueIdentifier>{2f5b0f06-5f30-41e7-a580-404f3f949824}</UniqueIdentifier>
    </Filter>
    <Filter Include="Header Files\zlib">
      <UniqueIdentifier>{b8cf06af-0d59-4b48-a885-2247bd107b38}</UniqueIdentifier>
    </Filter>
    <Filter Include="Header Files\utils">
      <UniqueIdentifier>{b1a7455c-2ef8-47f2-b9e3-40370b10dbd5}</UniqueIdentifier>
    </Filter>
    <Filter Include="Source Files\utils">
      <UniqueIdentifier>{7fd499d1-3786-4de7-902d-f86fb525ea8b}</UniqueIdentifier>
    </Filter>
    <Filter Include="Header Files\errors">
      <UniqueIdentifier>{f0726bc5-2292-4eee-8fb8-20fd04ddb158}</UniqueIdentifier>
    </Filter>
    <Filter Include="Source Files\errors">
      <UniqueIdentifier>{2334ea63-820b-4e35-a556-78f5fd392884}</UniqueIdentifier>
    </Filter>
    <Filter Include="Header Files\server">
      <UniqueIdentifier>{6d5eda20-9b87-4ac2-ad61-a919ffeb7241}</UniqueIdentifier>
    </Filter>
    <Filter Include="Source Files\server">
      <UniqueIdentifier>{c078a135-cead-4f7f-8771-15a8cb22c5d7}</UniqueIdentifier>
    </Filter>
    <Filter Include="Header Files\geodis">
      <UniqueIdentifier>{ee789873-a62f-42d7-9d02-56b6282a8e29}</UniqueIdentifier>
    </Filter>
    <Filter Include="Source Files\geodis">
      <UniqueIdentifier>{d6c89f31-1eec-467d-8a7e-1574ba6a3514}</UniqueIdentifier>
    </Filter>
    <Filter Include="Source Files\handlers">
      <UniqueIdentifier>{7585517b-503b-4491-820c-85cf9b12b77c}</UniqueIdentifier>
    </Filter>
    <Filter Include="Header Files\handlers">
      <UniqueIdentifier>{cde53563-28cd-43c0-9bb6-3f398eb5d9b4}</UniqueIdentifier>
    </Filter>
    <Filter Include="Header Files\blockchain">
      <UniqueIdentifier>{53c619b0-af1f-4a7f-bcc6-eb3fc05f0008}</UniqueIdentifier>
    </Filter>
    <Filter Include="Source Files\blockchain">
      <UniqueIdentifier>{e04d5930-7f87-4d3c-b91c-6cee5cd62933}</UniqueIdentifier>
    </Filter>
    <Filter Include="Header Files\crypto">
      <UniqueIdentifier>{e4491279-e87c-4ab6-a75d-b574b455dd36}</UniqueIdentifier>
    </Filter>
    <Filter Include="Source Files\crypto">
      <UniqueIdentifier>{66fa667b-7054-4757-ba37-f30ee647718d}</UniqueIdentifier>
    </Filter>
    <Filter Include="Header Files\bank">
      <UniqueIdentifier>{6d5fca64-ad3d-4be7-9fb6-48c5b2efa64a}</UniqueIdentifier>
    </Filter>
    <Filter Include="Source Files\bank">
      <UniqueIdentifier>{cf62d7f5-7912-4d61-9b6e-aeef60c52b76}</UniqueIdentifier>
    </Filter>
    <Filter Include="Header Files\blockchain\transactions">
      <UniqueIdentifier>{6c3a95b8-c66f-4c74-bab9-cfb5d862acc5}</UniqueIdentifier>
    </Filter>
    <Filter Include="Source Files\blockchain\transactions">
      <UniqueIdentifier>{d38f8978-a486-4255-8fb2-1ccfed4b6dd7}</UniqueIdentifier>
    </Filter>
  </ItemGroup>
  <ItemGroup>
    <ClCompile Include="zlib-1.2.8\adler32.c">
      <Filter>Source Files\zlib</Filter>
    </ClCompile>
    <ClCompile Include="zlib-1.2.8\compress.c">
      <Filter>Source Files\zlib</Filter>
    </ClCompile>
    <ClCompile Include="zlib-1.2.8\crc32.c">
      <Filter>Source Files\zlib</Filter>
    </ClCompile>
    <ClCompile Include="zlib-1.2.8\deflate.c">
      <Filter>Source Files\zlib</Filter>
    </ClCompile>
    <ClCompile Include="zlib-1.2.8\gzclose.c">
      <Filter>Source Files\zlib</Filter>
    </ClCompile>
    <ClCompile Include="zlib-1.2.8\infback.c">
      <Filter>Source Files\zlib</Filter>
    </ClCompile>
    <ClCompile Include="zlib-1.2.8\inffast.c">
      <Filter>Source Files\zlib</Filter>
    </ClCompile>
    <ClCompile Include="zlib-1.2.8\inflate.c">
      <Filter>Source Files\zlib</Filter>
    </ClCompile>
    <ClCompile Include="zlib-1.2.8\inftrees.c">
      <Filter>Source Files\zlib</Filter>
    </ClCompile>
    <ClCompile Include="zlib-1.2.8\trees.c">
      <Filter>Source Files\zlib</Filter>
    </ClCompile>
    <ClCompile Include="zlib-1.2.8\uncompr.c">
      <Filter>Source Files\zlib</Filter>
    </ClCompile>
    <ClCompile Include="zlib-1.2.8\zutil.c">
      <Filter>Source Files\zlib</Filter>
    </ClCompile>
    <ClCompile Include="zlib-1.2.8\gzlib.c">
      <Filter>Source Files\zlib</Filter>
    </ClCompile>
    <ClCompile Include="zlib-1.2.8\gzread.c">
      <Filter>Source Files\zlib</Filter>
    </ClCompile>
    <ClCompile Include="zlib-1.2.8\gzwrite.c">
      <Filter>Source Files\zlib</Filter>
    </ClCompile>
    <ClCompile Include="src\ECRP.cpp">
      <Filter>Source Files</Filter>
    </ClCompile>
    <ClCompile Include="src\utils\compression.cpp">
      <Filter>Source Files\utils</Filter>
    </ClCompile>
    <ClCompile Include="src\utils\utils.cpp">
      <Filter>Source Files\utils</Filter>
    </ClCompile>
    <ClCompile Include="src\server\Processor.cpp">
      <Filter>Source Files\server</Filter>
    </ClCompile>
    <ClCompile Include="src\server\Server.cpp">
      <Filter>Source Files\server</Filter>
    </ClCompile>
    <ClCompile Include="src\server\Request.cpp">
      <Filter>Source Files\server</Filter>
    </ClCompile>
    <ClCompile Include="src\server\Response.cpp">
      <Filter>Source Files\server</Filter>
    </ClCompile>
    <ClCompile Include="src\server\Session.cpp">
      <Filter>Source Files\server</Filter>
    </ClCompile>
    <ClCompile Include="src\geodis\Paging.cpp">
      <Filter>Source Files\geodis</Filter>
    </ClCompile>
    <ClCompile Include="src\geodis\Point.cpp">
      <Filter>Source Files\geodis</Filter>
    </ClCompile>
    <ClCompile Include="src\geodis\Registry.cpp">
      <Filter>Source Files\geodis</Filter>
    </ClCompile>
    <ClCompile Include="src\geodis\Tree.cpp">
      <Filter>Source Files\geodis</Filter>
    </ClCompile>
    <ClCompile Include="src\errors\Error.cpp">
      <Filter>Source Files\errors</Filter>
    </ClCompile>
    <ClCompile Include="src\handlers\GeodisHandler.cpp">
      <Filter>Source Files\handlers</Filter>
    </ClCompile>
    <ClCompile Include="src\handlers\AddPointHandler.cpp">
      <Filter>Source Files\handlers</Filter>
    </ClCompile>
    <ClCompile Include="src\handlers\RemovePointHandler.cpp">
      <Filter>Source Files\handlers</Filter>
    </ClCompile>
    <ClCompile Include="src\handlers\FindPointsHandler.cpp">
      <Filter>Source Files\handlers</Filter>
    </ClCompile>
    <ClCompile Include="src\blockchain\Blockchain.cpp">
      <Filter>Source Files\blockchain</Filter>
    </ClCompile>
    <ClCompile Include="src\blockchain\Block.cpp">
      <Filter>Source Files\blockchain</Filter>
    </ClCompile>
    <ClCompile Include="src\blockchain\MasterBlock.cpp">
      <Filter>Source Files\blockchain</Filter>
    </ClCompile>
    <ClCompile Include="src\blockchain\Transaction.cpp">
      <Filter>Source Files\blockchain</Filter>
    </ClCompile>
    <ClCompile Include="src\crypto\Crypto.cpp">
      <Filter>Source Files\crypto</Filter>
    </ClCompile>
    <ClCompile Include="src\bank\Bank.cpp">
      <Filter>Source Files\bank</Filter>
    </ClCompile>
    <ClCompile Include="src\bank\Wallet.cpp">
      <Filter>Source Files\bank</Filter>
    </ClCompile>
    <ClCompile Include="src\blockchain\transactions\BasicTransaction.cpp">
      <Filter>Source Files\blockchain\transactions</Filter>
    </ClCompile>
    <ClCompile Include="src\blockchain\transactions\TransactionInput.cpp">
      <Filter>Source Files\blockchain\transactions</Filter>
    </ClCompile>
    <ClCompile Include="src\blockchain\transactions\TransactionOutput.cpp">
      <Filter>Source Files\blockchain\transactions</Filter>
    </ClCompile>
    <ClCompile Include="src\utils\varints.cpp">
      <Filter>Source Files\utils</Filter>
    </ClCompile>
  </ItemGroup>
  <ItemGroup>
    <ClInclude Include="zlib-1.2.8\zutil.h">
      <Filter>Header Files\zlib</Filter>
    </ClInclude>
    <ClInclude Include="zlib-1.2.8\crc32.h">
      <Filter>Header Files\zlib</Filter>
    </ClInclude>
    <ClInclude Include="zlib-1.2.8\deflate.h">
      <Filter>Header Files\zlib</Filter>
    </ClInclude>
    <ClInclude Include="zlib-1.2.8\gzguts.h">
      <Filter>Header Files\zlib</Filter>
    </ClInclude>
    <ClInclude Include="zlib-1.2.8\inffast.h">
      <Filter>Header Files\zlib</Filter>
    </ClInclude>
    <ClInclude Include="zlib-1.2.8\inffixed.h">
      <Filter>Header Files\zlib</Filter>
    </ClInclude>
    <ClInclude Include="zlib-1.2.8\inflate.h">
      <Filter>Header Files\zlib</Filter>
    </ClInclude>
    <ClInclude Include="zlib-1.2.8\inftrees.h">
      <Filter>Header Files\zlib</Filter>
    </ClInclude>
    <ClInclude Include="zlib-1.2.8\trees.h">
      <Filter>Header Files\zlib</Filter>
    </ClInclude>
    <ClInclude Include="zlib-1.2.8\zconf.h">
      <Filter>Header Files\zlib</Filter>
    </ClInclude>
    <ClInclude Include="zlib-1.2.8\zlib.h">
      <Filter>Header Files\zlib</Filter>
    </ClInclude>
    <ClInclude Include="src\utils\compression.h">
      <Filter>Header Files\utils</Filter>
    </ClInclude>
    <ClInclude Include="src\utils\utils.h">
      <Filter>Header Files\utils</Filter>
    </ClInclude>
    <ClInclude Include="src\server\Processor.h">
      <Filter>Header Files\server</Filter>
    </ClInclude>
    <ClInclude Include="src\server\Server.h">
      <Filter>Header Files\server</Filter>
    </ClInclude>
    <ClInclude Include="src\server\Request.h">
      <Filter>Header Files\server</Filter>
    </ClInclude>
    <ClInclude Include="src\server\Response.h">
      <Filter>Header Files\server</Filter>
    </ClInclude>
    <ClInclude Include="src\server\Session.h">
      <Filter>Header Files\server</Filter>
    </ClInclude>
    <ClInclude Include="src\geodis\Registry.h">
      <Filter>Header Files\geodis</Filter>
    </ClInclude>
    <ClInclude Include="src\geodis\Tree.h">
      <Filter>Header Files\geodis</Filter>
    </ClInclude>
    <ClInclude Include="src\geodis\Point.h">
      <Filter>Header Files\geodis</Filter>
    </ClInclude>
    <ClInclude Include="src\errors\Error.h">
      <Filter>Header Files\errors</Filter>
    </ClInclude>
    <ClInclude Include="src\server\Handler.h">
      <Filter>Header Files\server</Filter>
    </ClInclude>
    <ClInclude Include="src\handlers\GeodisHandler.h">
      <Filter>Header Files\handlers</Filter>
    </ClInclude>
    <ClInclude Include="src\handlers\AddPointHandler.h">
      <Filter>Header Files\handlers</Filter>
    </ClInclude>
    <ClInclude Include="src\handlers\FindPointsHandler.h">
      <Filter>Header Files\handlers</Filter>
    </ClInclude>
    <ClInclude Include="src\handlers\RemovePointHandler.h">
      <Filter>Header Files\handlers</Filter>
    </ClInclude>
    <ClInclude Include="src\blockchain\Blockchain.h">
      <Filter>Header Files\blockchain</Filter>
    </ClInclude>
    <ClInclude Include="src\blockchain\MasterBlock.h">
      <Filter>Header Files\blockchain</Filter>
    </ClInclude>
    <ClInclude Include="src\blockchain\Block.h">
      <Filter>Header Files\blockchain</Filter>
    </ClInclude>
    <ClInclude Include="src\blockchain\Transaction.h">
      <Filter>Header Files\blockchain</Filter>
    </ClInclude>
    <ClInclude Include="src\utils\streams.h">
      <Filter>Header Files\utils</Filter>
    </ClInclude>
    <ClInclude Include="src\utils\byte.h">
      <Filter>Header Files\utils</Filter>
    </ClInclude>
    <ClInclude Include="src\blockchain\TransactionType.h">
      <Filter>Header Files\blockchain</Filter>
    </ClInclude>
    <ClInclude Include="src\crypto\Crypto.h">
      <Filter>Header Files\crypto</Filter>
    </ClInclude>
    <ClInclude Include="src\bank\Bank.h">
      <Filter>Header Files\bank</Filter>
    </ClInclude>
    <ClInclude Include="src\bank\Wallet.h">
      <Filter>Header Files\bank</Filter>
    </ClInclude>
    <ClInclude Include="src\blockchain\transactions\BasicTransaction.h">
      <Filter>Header Files\blockchain\transactions</Filter>
    </ClInclude>
    <ClInclude Include="src\blockchain\transactions\TransactionInput.h">
      <Filter>Header Files\blockchain\transactions</Filter>
    </ClInclude>
    <ClInclude Include="src\blockchain\transactions\TransactionOutput.h">
      <Filter>Header Files\blockchain\transactions</Filter>
    </ClInclude>
    <ClInclude Include="src\utils\varints.h">
      <Filter>Header Files\utils</Filter>
    </ClInclude>
  </ItemGroup>
</Project>